// !$*UTF8*$!
{
	archiveVersion = 1;
	classes = {
	};
	objectVersion = 55;
	objects = {

/* Begin PBXBuildFile section */
		7255F67B29852F0B00F67F17 /* Lottie in Frameworks */ = {isa = PBXBuildFile; productRef = 7255F67A29852F0B00F67F17 /* Lottie */; };
		7255F67D29852F8D00F67F17 /* LottieView.swift in Sources */ = {isa = PBXBuildFile; fileRef = 7255F67C29852F8D00F67F17 /* LottieView.swift */; };
		7255F6902987D4A300F67F17 /* dayMist.json in Resources */ = {isa = PBXBuildFile; fileRef = 7255F67E2987D4A000F67F17 /* dayMist.json */; };
		7255F6912987D4A300F67F17 /* dayRain.json in Resources */ = {isa = PBXBuildFile; fileRef = 7255F67F2987D4A000F67F17 /* dayRain.json */; };
		7255F6922987D4A300F67F17 /* nightShowerRains.json in Resources */ = {isa = PBXBuildFile; fileRef = 7255F6802987D4A000F67F17 /* nightShowerRains.json */; };
		7255F6932987D4A300F67F17 /* dayClearSky.json in Resources */ = {isa = PBXBuildFile; fileRef = 7255F6812987D4A100F67F17 /* dayClearSky.json */; };
		7255F6942987D4A300F67F17 /* nightFewClouds.json in Resources */ = {isa = PBXBuildFile; fileRef = 7255F6822987D4A100F67F17 /* nightFewClouds.json */; };
		7255F6952987D4A300F67F17 /* nightBrokenClouds.json in Resources */ = {isa = PBXBuildFile; fileRef = 7255F6832987D4A100F67F17 /* nightBrokenClouds.json */; };
		7255F6962987D4A300F67F17 /* dayScatteredClouds.json in Resources */ = {isa = PBXBuildFile; fileRef = 7255F6842987D4A100F67F17 /* dayScatteredClouds.json */; };
		7255F6972987D4A300F67F17 /* dayFewClouds.json in Resources */ = {isa = PBXBuildFile; fileRef = 7255F6852987D4A200F67F17 /* dayFewClouds.json */; };
		7255F6982987D4A300F67F17 /* nightClearSky.json in Resources */ = {isa = PBXBuildFile; fileRef = 7255F6862987D4A200F67F17 /* nightClearSky.json */; };
		7255F6992987D4A300F67F17 /* dayShowerRains.json in Resources */ = {isa = PBXBuildFile; fileRef = 7255F6872987D4A200F67F17 /* dayShowerRains.json */; };
		7255F69A2987D4A300F67F17 /* daySnow.json in Resources */ = {isa = PBXBuildFile; fileRef = 7255F6882987D4A200F67F17 /* daySnow.json */; };
		7255F69B2987D4A300F67F17 /* nightScatteredClouds.json in Resources */ = {isa = PBXBuildFile; fileRef = 7255F6892987D4A200F67F17 /* nightScatteredClouds.json */; };
		7255F69C2987D4A300F67F17 /* nightSnow.json in Resources */ = {isa = PBXBuildFile; fileRef = 7255F68A2987D4A300F67F17 /* nightSnow.json */; };
		7255F69D2987D4A300F67F17 /* nightThunderStorm.json in Resources */ = {isa = PBXBuildFile; fileRef = 7255F68B2987D4A300F67F17 /* nightThunderStorm.json */; };
		7255F69E2987D4A300F67F17 /* nightMist.json in Resources */ = {isa = PBXBuildFile; fileRef = 7255F68C2987D4A300F67F17 /* nightMist.json */; };
		7255F69F2987D4A300F67F17 /* nightRain.json in Resources */ = {isa = PBXBuildFile; fileRef = 7255F68D2987D4A300F67F17 /* nightRain.json */; };
		7255F6A02987D4A300F67F17 /* dayThunderStorm.json in Resources */ = {isa = PBXBuildFile; fileRef = 7255F68E2987D4A300F67F17 /* dayThunderStorm.json */; };
		7255F6A12987D4A300F67F17 /* dayBrokenClouds.json in Resources */ = {isa = PBXBuildFile; fileRef = 7255F68F2987D4A300F67F17 /* dayBrokenClouds.json */; };
		7255F6A32987DD4E00F67F17 /* MenuHeaderView.swift in Sources */ = {isa = PBXBuildFile; fileRef = 7255F6A22987DD4E00F67F17 /* MenuHeaderView.swift */; };
		7255F6A52987E52C00F67F17 /* CityNameView.swift in Sources */ = {isa = PBXBuildFile; fileRef = 7255F6A42987E52C00F67F17 /* CityNameView.swift */; };
		7255F6A72987E6B400F67F17 /* TodayWeatherView.swift in Sources */ = {isa = PBXBuildFile; fileRef = 7255F6A62987E6B400F67F17 /* TodayWeatherView.swift */; };
		7255F6A92989298100F67F17 /* HourlyWeatherView.swift in Sources */ = {isa = PBXBuildFile; fileRef = 7255F6A82989298100F67F17 /* HourlyWeatherView.swift */; };
		7255F6AB298A837000F67F17 /* DailyWeatherView.swift in Sources */ = {isa = PBXBuildFile; fileRef = 7255F6AA298A836F00F67F17 /* DailyWeatherView.swift */; };
		7255F6AD298BC9C300F67F17 /* CityView.swift in Sources */ = {isa = PBXBuildFile; fileRef = 7255F6AC298BC9C300F67F17 /* CityView.swift */; };
		72D953CE2909E4AC00D005D8 /* WeatherMapApp.swift in Sources */ = {isa = PBXBuildFile; fileRef = 72D953CD2909E4AC00D005D8 /* WeatherMapApp.swift */; };
		72D953D02909E4AC00D005D8 /* ContentView.swift in Sources */ = {isa = PBXBuildFile; fileRef = 72D953CF2909E4AC00D005D8 /* ContentView.swift */; };
		72D953D22909E4B200D005D8 /* Assets.xcassets in Resources */ = {isa = PBXBuildFile; fileRef = 72D953D12909E4B200D005D8 /* Assets.xcassets */; };
		72D953D52909E4B200D005D8 /* Preview Assets.xcassets in Resources */ = {isa = PBXBuildFile; fileRef = 72D953D42909E4B200D005D8 /* Preview Assets.xcassets */; };
		72D953E2290AA32C00D005D8 /* API.swift in Sources */ = {isa = PBXBuildFile; fileRef = 72D953E1290AA32C00D005D8 /* API.swift */; };
		72D953E4290AA36500D005D8 /* API+Extensions.swift in Sources */ = {isa = PBXBuildFile; fileRef = 72D953E3290AA36500D005D8 /* API+Extensions.swift */; };
		72D953E7290AA68400D005D8 /* NetworkManager.swift in Sources */ = {isa = PBXBuildFile; fileRef = 72D953E6290AA68400D005D8 /* NetworkManager.swift */; };
		72D953E9290AC76500D005D8 /* WeatherResponse.swift in Sources */ = {isa = PBXBuildFile; fileRef = 72D953E8290AC76500D005D8 /* WeatherResponse.swift */; };
		72D953EB290AC7B400D005D8 /* Weather.swift in Sources */ = {isa = PBXBuildFile; fileRef = 72D953EA290AC7B400D005D8 /* Weather.swift */; };
		72D953ED290AC7CA00D005D8 /* WeatherDetail.swift in Sources */ = {isa = PBXBuildFile; fileRef = 72D953EC290AC7CA00D005D8 /* WeatherDetail.swift */; };
		72D953EF290AC7DE00D005D8 /* DailyWeather.swift in Sources */ = {isa = PBXBuildFile; fileRef = 72D953EE290AC7DE00D005D8 /* DailyWeather.swift */; };
		72D953F1290AC7FE00D005D8 /* Temperature.swift in Sources */ = {isa = PBXBuildFile; fileRef = 72D953F0290AC7FE00D005D8 /* Temperature.swift */; };
		72D953F3291144DF00D005D8 /* CityViewViewModel.swift in Sources */ = {isa = PBXBuildFile; fileRef = 72D953F2291144DF00D005D8 /* CityViewViewModel.swift */; };
/* End PBXBuildFile section */

/* Begin PBXFileReference section */
		7255F67C29852F8D00F67F17 /* LottieView.swift */ = {isa = PBXFileReference; lastKnownFileType = sourcecode.swift; path = LottieView.swift; sourceTree = "<group>"; };
		7255F67E2987D4A000F67F17 /* dayMist.json */ = {isa = PBXFileReference; fileEncoding = 4; lastKnownFileType = text.json; path = dayMist.json; sourceTree = "<group>"; };
		7255F67F2987D4A000F67F17 /* dayRain.json */ = {isa = PBXFileReference; fileEncoding = 4; lastKnownFileType = text.json; path = dayRain.json; sourceTree = "<group>"; };
		7255F6802987D4A000F67F17 /* nightShowerRains.json */ = {isa = PBXFileReference; fileEncoding = 4; lastKnownFileType = text.json; path = nightShowerRains.json; sourceTree = "<group>"; };
		7255F6812987D4A100F67F17 /* dayClearSky.json */ = {isa = PBXFileReference; fileEncoding = 4; lastKnownFileType = text.json; path = dayClearSky.json; sourceTree = "<group>"; };
		7255F6822987D4A100F67F17 /* nightFewClouds.json */ = {isa = PBXFileReference; fileEncoding = 4; lastKnownFileType = text.json; path = nightFewClouds.json; sourceTree = "<group>"; };
		7255F6832987D4A100F67F17 /* nightBrokenClouds.json */ = {isa = PBXFileReference; fileEncoding = 4; lastKnownFileType = text.json; path = nightBrokenClouds.json; sourceTree = "<group>"; };
		7255F6842987D4A100F67F17 /* dayScatteredClouds.json */ = {isa = PBXFileReference; fileEncoding = 4; lastKnownFileType = text.json; path = dayScatteredClouds.json; sourceTree = "<group>"; };
		7255F6852987D4A200F67F17 /* dayFewClouds.json */ = {isa = PBXFileReference; fileEncoding = 4; lastKnownFileType = text.json; path = dayFewClouds.json; sourceTree = "<group>"; };
		7255F6862987D4A200F67F17 /* nightClearSky.json */ = {isa = PBXFileReference; fileEncoding = 4; lastKnownFileType = text.json; path = nightClearSky.json; sourceTree = "<group>"; };
		7255F6872987D4A200F67F17 /* dayShowerRains.json */ = {isa = PBXFileReference; fileEncoding = 4; lastKnownFileType = text.json; path = dayShowerRains.json; sourceTree = "<group>"; };
		7255F6882987D4A200F67F17 /* daySnow.json */ = {isa = PBXFileReference; fileEncoding = 4; lastKnownFileType = text.json; path = daySnow.json; sourceTree = "<group>"; };
		7255F6892987D4A200F67F17 /* nightScatteredClouds.json */ = {isa = PBXFileReference; fileEncoding = 4; lastKnownFileType = text.json; path = nightScatteredClouds.json; sourceTree = "<group>"; };
		7255F68A2987D4A300F67F17 /* nightSnow.json */ = {isa = PBXFileReference; fileEncoding = 4; lastKnownFileType = text.json; path = nightSnow.json; sourceTree = "<group>"; };
		7255F68B2987D4A300F67F17 /* nightThunderStorm.json */ = {isa = PBXFileReference; fileEncoding = 4; lastKnownFileType = text.json; path = nightThunderStorm.json; sourceTree = "<group>"; };
		7255F68C2987D4A300F67F17 /* nightMist.json */ = {isa = PBXFileReference; fileEncoding = 4; lastKnownFileType = text.json; path = nightMist.json; sourceTree = "<group>"; };
		7255F68D2987D4A300F67F17 /* nightRain.json */ = {isa = PBXFileReference; fileEncoding = 4; lastKnownFileType = text.json; path = nightRain.json; sourceTree = "<group>"; };
		7255F68E2987D4A300F67F17 /* dayThunderStorm.json */ = {isa = PBXFileReference; fileEncoding = 4; lastKnownFileType = text.json; path = dayThunderStorm.json; sourceTree = "<group>"; };
		7255F68F2987D4A300F67F17 /* dayBrokenClouds.json */ = {isa = PBXFileReference; fileEncoding = 4; lastKnownFileType = text.json; path = dayBrokenClouds.json; sourceTree = "<group>"; };
		7255F6A22987DD4E00F67F17 /* MenuHeaderView.swift */ = {isa = PBXFileReference; lastKnownFileType = sourcecode.swift; path = MenuHeaderView.swift; sourceTree = "<group>"; };
		7255F6A42987E52C00F67F17 /* CityNameView.swift */ = {isa = PBXFileReference; lastKnownFileType = sourcecode.swift; path = CityNameView.swift; sourceTree = "<group>"; };
		7255F6A62987E6B400F67F17 /* TodayWeatherView.swift */ = {isa = PBXFileReference; lastKnownFileType = sourcecode.swift; path = TodayWeatherView.swift; sourceTree = "<group>"; };
		7255F6A82989298100F67F17 /* HourlyWeatherView.swift */ = {isa = PBXFileReference; lastKnownFileType = sourcecode.swift; path = HourlyWeatherView.swift; sourceTree = "<group>"; };
		7255F6AA298A836F00F67F17 /* DailyWeatherView.swift */ = {isa = PBXFileReference; lastKnownFileType = sourcecode.swift; path = DailyWeatherView.swift; sourceTree = "<group>"; };
		7255F6AC298BC9C300F67F17 /* CityView.swift */ = {isa = PBXFileReference; lastKnownFileType = sourcecode.swift; path = CityView.swift; sourceTree = "<group>"; };
		72D953CA2909E4AC00D005D8 /* WeatherMap.app */ = {isa = PBXFileReference; explicitFileType = wrapper.application; includeInIndex = 0; path = WeatherMap.app; sourceTree = BUILT_PRODUCTS_DIR; };
		72D953CD2909E4AC00D005D8 /* WeatherMapApp.swift */ = {isa = PBXFileReference; lastKnownFileType = sourcecode.swift; path = WeatherMapApp.swift; sourceTree = "<group>"; };
		72D953CF2909E4AC00D005D8 /* ContentView.swift */ = {isa = PBXFileReference; lastKnownFileType = sourcecode.swift; path = ContentView.swift; sourceTree = "<group>"; };
		72D953D12909E4B200D005D8 /* Assets.xcassets */ = {isa = PBXFileReference; lastKnownFileType = folder.assetcatalog; path = Assets.xcassets; sourceTree = "<group>"; };
		72D953D42909E4B200D005D8 /* Preview Assets.xcassets */ = {isa = PBXFileReference; lastKnownFileType = folder.assetcatalog; path = "Preview Assets.xcassets"; sourceTree = "<group>"; };
		72D953E1290AA32C00D005D8 /* API.swift */ = {isa = PBXFileReference; lastKnownFileType = sourcecode.swift; path = API.swift; sourceTree = "<group>"; };
		72D953E3290AA36500D005D8 /* API+Extensions.swift */ = {isa = PBXFileReference; lastKnownFileType = sourcecode.swift; path = "API+Extensions.swift"; sourceTree = "<group>"; };
		72D953E6290AA68400D005D8 /* NetworkManager.swift */ = {isa = PBXFileReference; lastKnownFileType = sourcecode.swift; path = NetworkManager.swift; sourceTree = "<group>"; };
		72D953E8290AC76500D005D8 /* WeatherResponse.swift */ = {isa = PBXFileReference; lastKnownFileType = sourcecode.swift; path = WeatherResponse.swift; sourceTree = "<group>"; };
		72D953EA290AC7B400D005D8 /* Weather.swift */ = {isa = PBXFileReference; lastKnownFileType = sourcecode.swift; path = Weather.swift; sourceTree = "<group>"; };
		72D953EC290AC7CA00D005D8 /* WeatherDetail.swift */ = {isa = PBXFileReference; lastKnownFileType = sourcecode.swift; path = WeatherDetail.swift; sourceTree = "<group>"; };
		72D953EE290AC7DE00D005D8 /* DailyWeather.swift */ = {isa = PBXFileReference; lastKnownFileType = sourcecode.swift; path = DailyWeather.swift; sourceTree = "<group>"; };
		72D953F0290AC7FE00D005D8 /* Temperature.swift */ = {isa = PBXFileReference; lastKnownFileType = sourcecode.swift; path = Temperature.swift; sourceTree = "<group>"; };
		72D953F2291144DF00D005D8 /* CityViewViewModel.swift */ = {isa = PBXFileReference; lastKnownFileType = sourcecode.swift; path = CityViewViewModel.swift; sourceTree = "<group>"; };
/* End PBXFileReference section */

/* Begin PBXFrameworksBuildPhase section */
		72D953C72909E4AC00D005D8 /* Frameworks */ = {
			isa = PBXFrameworksBuildPhase;
			buildActionMask = 2147483647;
			files = (
				7255F67B29852F0B00F67F17 /* Lottie in Frameworks */,
			);
			runOnlyForDeploymentPostprocessing = 0;
		};
/* End PBXFrameworksBuildPhase section */

/* Begin PBXGroup section */
		72D953C12909E4AC00D005D8 = {
			isa = PBXGroup;
			children = (
				72D953CC2909E4AC00D005D8 /* WeatherMap */,
				72D953CB2909E4AC00D005D8 /* Products */,
			);
			sourceTree = "<group>";
		};
		72D953CB2909E4AC00D005D8 /* Products */ = {
			isa = PBXGroup;
			children = (
				72D953CA2909E4AC00D005D8 /* WeatherMap.app */,
			);
			name = Products;
			sourceTree = "<group>";
		};
		72D953CC2909E4AC00D005D8 /* WeatherMap */ = {
			isa = PBXGroup;
			children = (
				72D953E0290AA2F000D005D8 /* LottieAnimations */,
				72D953DF290AA2E000D005D8 /* ViewModels */,
				72D953DE290AA2D300D005D8 /* Views */,
				72D953DD290AA2CA00D005D8 /* Models */,
				72D953DC290AA2BC00D005D8 /* Networking */,
				72D953CD2909E4AC00D005D8 /* WeatherMapApp.swift */,
				72D953CF2909E4AC00D005D8 /* ContentView.swift */,
				72D953D12909E4B200D005D8 /* Assets.xcassets */,
				72D953D32909E4B200D005D8 /* Preview Content */,
			);
			path = WeatherMap;
			sourceTree = "<group>";
		};
		72D953D32909E4B200D005D8 /* Preview Content */ = {
			isa = PBXGroup;
			children = (
				72D953D42909E4B200D005D8 /* Preview Assets.xcassets */,
			);
			path = "Preview Content";
			sourceTree = "<group>";
		};
		72D953DC290AA2BC00D005D8 /* Networking */ = {
			isa = PBXGroup;
			children = (
				72D953E1290AA32C00D005D8 /* API.swift */,
				72D953E3290AA36500D005D8 /* API+Extensions.swift */,
				72D953E6290AA68400D005D8 /* NetworkManager.swift */,
			);
			path = Networking;
			sourceTree = "<group>";
		};
		72D953DD290AA2CA00D005D8 /* Models */ = {
			isa = PBXGroup;
			children = (
				72D953E8290AC76500D005D8 /* WeatherResponse.swift */,
				72D953EA290AC7B400D005D8 /* Weather.swift */,
				72D953EC290AC7CA00D005D8 /* WeatherDetail.swift */,
				72D953EE290AC7DE00D005D8 /* DailyWeather.swift */,
				72D953F0290AC7FE00D005D8 /* Temperature.swift */,
			);
			path = Models;
			sourceTree = "<group>";
		};
		72D953DE290AA2D300D005D8 /* Views */ = {
			isa = PBXGroup;
			children = (
				7255F67C29852F8D00F67F17 /* LottieView.swift */,
				7255F6A22987DD4E00F67F17 /* MenuHeaderView.swift */,
				7255F6A42987E52C00F67F17 /* CityNameView.swift */,
				7255F6A62987E6B400F67F17 /* TodayWeatherView.swift */,
				7255F6A82989298100F67F17 /* HourlyWeatherView.swift */,
				7255F6AA298A836F00F67F17 /* DailyWeatherView.swift */,
				7255F6AC298BC9C300F67F17 /* CityView.swift */,
			);
			path = Views;
			sourceTree = "<group>";
		};
		72D953DF290AA2E000D005D8 /* ViewModels */ = {
			isa = PBXGroup;
			children = (
				72D953F2291144DF00D005D8 /* CityViewViewModel.swift */,
			);
			path = ViewModels;
			sourceTree = "<group>";
		};
		72D953E0290AA2F000D005D8 /* LottieAnimations */ = {
			isa = PBXGroup;
			children = (
				7255F6802987D4A000F67F17 /* nightShowerRains.json */,
				7255F6832987D4A100F67F17 /* nightBrokenClouds.json */,
				7255F6882987D4A200F67F17 /* daySnow.json */,
				7255F68F2987D4A300F67F17 /* dayBrokenClouds.json */,
				7255F6812987D4A100F67F17 /* dayClearSky.json */,
				7255F6852987D4A200F67F17 /* dayFewClouds.json */,
				7255F67E2987D4A000F67F17 /* dayMist.json */,
				7255F67F2987D4A000F67F17 /* dayRain.json */,
				7255F6872987D4A200F67F17 /* dayShowerRains.json */,
				7255F6842987D4A100F67F17 /* dayScatteredClouds.json */,
				7255F6822987D4A100F67F17 /* nightFewClouds.json */,
				7255F68E2987D4A300F67F17 /* dayThunderStorm.json */,
				7255F6862987D4A200F67F17 /* nightClearSky.json */,
				7255F68C2987D4A300F67F17 /* nightMist.json */,
				7255F68D2987D4A300F67F17 /* nightRain.json */,
				7255F6892987D4A200F67F17 /* nightScatteredClouds.json */,
				7255F68A2987D4A300F67F17 /* nightSnow.json */,
				7255F68B2987D4A300F67F17 /* nightThunderStorm.json */,
			);
			path = LottieAnimations;
			sourceTree = "<group>";
		};
/* End PBXGroup section */

/* Begin PBXNativeTarget section */
		72D953C92909E4AC00D005D8 /* WeatherMap */ = {
			isa = PBXNativeTarget;
			buildConfigurationList = 72D953D82909E4B200D005D8 /* Build configuration list for PBXNativeTarget "WeatherMap" */;
			buildPhases = (
				72D953C62909E4AC00D005D8 /* Sources */,
				72D953C72909E4AC00D005D8 /* Frameworks */,
				72D953C82909E4AC00D005D8 /* Resources */,
			);
			buildRules = (
			);
			dependencies = (
			);
			name = WeatherMap;
			packageProductDependencies = (
				7255F67A29852F0B00F67F17 /* Lottie */,
			);
			productName = WeatherMap;
			productReference = 72D953CA2909E4AC00D005D8 /* WeatherMap.app */;
			productType = "com.apple.product-type.application";
		};
/* End PBXNativeTarget section */

/* Begin PBXProject section */
		72D953C22909E4AC00D005D8 /* Project object */ = {
			isa = PBXProject;
			attributes = {
				BuildIndependentTargetsInParallel = 1;
				LastSwiftUpdateCheck = 1320;
				LastUpgradeCheck = 1320;
				TargetAttributes = {
					72D953C92909E4AC00D005D8 = {
						CreatedOnToolsVersion = 13.2.1;
					};
				};
			};
			buildConfigurationList = 72D953C52909E4AC00D005D8 /* Build configuration list for PBXProject "WeatherMap" */;
			compatibilityVersion = "Xcode 13.0";
			developmentRegion = en;
			hasScannedForEncodings = 0;
			knownRegions = (
				en,
				Base,
			);
			mainGroup = 72D953C12909E4AC00D005D8;
			packageReferences = (
				7255F67929852F0A00F67F17 /* XCRemoteSwiftPackageReference "lottie-spm" */,
			);
			productRefGroup = 72D953CB2909E4AC00D005D8 /* Products */;
			projectDirPath = "";
			projectRoot = "";
			targets = (
				72D953C92909E4AC00D005D8 /* WeatherMap */,
			);
		};
/* End PBXProject section */

/* Begin PBXResourcesBuildPhase section */
		72D953C82909E4AC00D005D8 /* Resources */ = {
			isa = PBXResourcesBuildPhase;
			buildActionMask = 2147483647;
			files = (
				7255F6912987D4A300F67F17 /* dayRain.json in Resources */,
				72D953D52909E4B200D005D8 /* Preview Assets.xcassets in Resources */,
				7255F6932987D4A300F67F17 /* dayClearSky.json in Resources */,
				7255F6972987D4A300F67F17 /* dayFewClouds.json in Resources */,
				7255F6952987D4A300F67F17 /* nightBrokenClouds.json in Resources */,
				7255F6942987D4A300F67F17 /* nightFewClouds.json in Resources */,
				7255F6992987D4A300F67F17 /* dayShowerRains.json in Resources */,
				7255F69D2987D4A300F67F17 /* nightThunderStorm.json in Resources */,
				7255F6902987D4A300F67F17 /* dayMist.json in Resources */,
				7255F6A12987D4A300F67F17 /* dayBrokenClouds.json in Resources */,
				7255F69B2987D4A300F67F17 /* nightScatteredClouds.json in Resources */,
				7255F69F2987D4A300F67F17 /* nightRain.json in Resources */,
				7255F6922987D4A300F67F17 /* nightShowerRains.json in Resources */,
				7255F6982987D4A300F67F17 /* nightClearSky.json in Resources */,
				72D953D22909E4B200D005D8 /* Assets.xcassets in Resources */,
				7255F69E2987D4A300F67F17 /* nightMist.json in Resources */,
				7255F6962987D4A300F67F17 /* dayScatteredClouds.json in Resources */,
				7255F6A02987D4A300F67F17 /* dayThunderStorm.json in Resources */,
				7255F69A2987D4A300F67F17 /* daySnow.json in Resources */,
				7255F69C2987D4A300F67F17 /* nightSnow.json in Resources */,
			);
			runOnlyForDeploymentPostprocessing = 0;
		};
/* End PBXResourcesBuildPhase section */

/* Begin PBXSourcesBuildPhase section */
		72D953C62909E4AC00D005D8 /* Sources */ = {
			isa = PBXSourcesBuildPhase;
			buildActionMask = 2147483647;
			files = (
				7255F6AB298A837000F67F17 /* DailyWeatherView.swift in Sources */,
				7255F6A92989298100F67F17 /* HourlyWeatherView.swift in Sources */,
				72D953E4290AA36500D005D8 /* API+Extensions.swift in Sources */,
				72D953F3291144DF00D005D8 /* CityViewViewModel.swift in Sources */,
				7255F6A52987E52C00F67F17 /* CityNameView.swift in Sources */,
				72D953ED290AC7CA00D005D8 /* WeatherDetail.swift in Sources */,
				72D953E9290AC76500D005D8 /* WeatherResponse.swift in Sources */,
				7255F6AD298BC9C300F67F17 /* CityView.swift in Sources */,
				72D953D02909E4AC00D005D8 /* ContentView.swift in Sources */,
				72D953E7290AA68400D005D8 /* NetworkManager.swift in Sources */,
				72D953E2290AA32C00D005D8 /* API.swift in Sources */,
				7255F6A32987DD4E00F67F17 /* MenuHeaderView.swift in Sources */,
				72D953CE2909E4AC00D005D8 /* WeatherMapApp.swift in Sources */,
				72D953EB290AC7B400D005D8 /* Weather.swift in Sources */,
				7255F6A72987E6B400F67F17 /* TodayWeatherView.swift in Sources */,
				72D953F1290AC7FE00D005D8 /* Temperature.swift in Sources */,
				72D953EF290AC7DE00D005D8 /* DailyWeather.swift in Sources */,
				7255F67D29852F8D00F67F17 /* LottieView.swift in Sources */,
			);
			runOnlyForDeploymentPostprocessing = 0;
		};
/* End PBXSourcesBuildPhase section */

/* Begin XCBuildConfiguration section */
		72D953D62909E4B200D005D8 /* Debug */ = {
			isa = XCBuildConfiguration;
			buildSettings = {
				ALWAYS_SEARCH_USER_PATHS = NO;
				CLANG_ANALYZER_NONNULL = YES;
				CLANG_ANALYZER_NUMBER_OBJECT_CONVERSION = YES_AGGRESSIVE;
				CLANG_CXX_LANGUAGE_STANDARD = "gnu++17";
				CLANG_CXX_LIBRARY = "libc++";
				CLANG_ENABLE_MODULES = YES;
				CLANG_ENABLE_OBJC_ARC = YES;
				CLANG_ENABLE_OBJC_WEAK = YES;
				CLANG_WARN_BLOCK_CAPTURE_AUTORELEASING = YES;
				CLANG_WARN_BOOL_CONVERSION = YES;
				CLANG_WARN_COMMA = YES;
				CLANG_WARN_CONSTANT_CONVERSION = YES;
				CLANG_WARN_DEPRECATED_OBJC_IMPLEMENTATIONS = YES;
				CLANG_WARN_DIRECT_OBJC_ISA_USAGE = YES_ERROR;
				CLANG_WARN_DOCUMENTATION_COMMENTS = YES;
				CLANG_WARN_EMPTY_BODY = YES;
				CLANG_WARN_ENUM_CONVERSION = YES;
				CLANG_WARN_INFINITE_RECURSION = YES;
				CLANG_WARN_INT_CONVERSION = YES;
				CLANG_WARN_NON_LITERAL_NULL_CONVERSION = YES;
				CLANG_WARN_OBJC_IMPLICIT_RETAIN_SELF = YES;
				CLANG_WARN_OBJC_LITERAL_CONVERSION = YES;
				CLANG_WARN_OBJC_ROOT_CLASS = YES_ERROR;
				CLANG_WARN_QUOTED_INCLUDE_IN_FRAMEWORK_HEADER = YES;
				CLANG_WARN_RANGE_LOOP_ANALYSIS = YES;
				CLANG_WARN_STRICT_PROTOTYPES = YES;
				CLANG_WARN_SUSPICIOUS_MOVE = YES;
				CLANG_WARN_UNGUARDED_AVAILABILITY = YES_AGGRESSIVE;
				CLANG_WARN_UNREACHABLE_CODE = YES;
				CLANG_WARN__DUPLICATE_METHOD_MATCH = YES;
				COPY_PHASE_STRIP = NO;
				DEBUG_INFORMATION_FORMAT = dwarf;
				ENABLE_STRICT_OBJC_MSGSEND = YES;
				ENABLE_TESTABILITY = YES;
				GCC_C_LANGUAGE_STANDARD = gnu11;
				GCC_DYNAMIC_NO_PIC = NO;
				GCC_NO_COMMON_BLOCKS = YES;
				GCC_OPTIMIZATION_LEVEL = 0;
				GCC_PREPROCESSOR_DEFINITIONS = (
					"DEBUG=1",
					"$(inherited)",
				);
				GCC_WARN_64_TO_32_BIT_CONVERSION = YES;
				GCC_WARN_ABOUT_RETURN_TYPE = YES_ERROR;
				GCC_WARN_UNDECLARED_SELECTOR = YES;
				GCC_WARN_UNINITIALIZED_AUTOS = YES_AGGRESSIVE;
				GCC_WARN_UNUSED_FUNCTION = YES;
				GCC_WARN_UNUSED_VARIABLE = YES;
				IPHONEOS_DEPLOYMENT_TARGET = 15.2;
				MTL_ENABLE_DEBUG_INFO = INCLUDE_SOURCE;
				MTL_FAST_MATH = YES;
				ONLY_ACTIVE_ARCH = YES;
				SDKROOT = iphoneos;
				SWIFT_ACTIVE_COMPILATION_CONDITIONS = DEBUG;
				SWIFT_OPTIMIZATION_LEVEL = "-Onone";
			};
			name = Debug;
		};
		72D953D72909E4B200D005D8 /* Release */ = {
			isa = XCBuildConfiguration;
			buildSettings = {
				ALWAYS_SEARCH_USER_PATHS = NO;
				CLANG_ANALYZER_NONNULL = YES;
				CLANG_ANALYZER_NUMBER_OBJECT_CONVERSION = YES_AGGRESSIVE;
				CLANG_CXX_LANGUAGE_STANDARD = "gnu++17";
				CLANG_CXX_LIBRARY = "libc++";
				CLANG_ENABLE_MODULES = YES;
				CLANG_ENABLE_OBJC_ARC = YES;
				CLANG_ENABLE_OBJC_WEAK = YES;
				CLANG_WARN_BLOCK_CAPTURE_AUTORELEASING = YES;
				CLANG_WARN_BOOL_CONVERSION = YES;
				CLANG_WARN_COMMA = YES;
				CLANG_WARN_CONSTANT_CONVERSION = YES;
				CLANG_WARN_DEPRECATED_OBJC_IMPLEMENTATIONS = YES;
				CLANG_WARN_DIRECT_OBJC_ISA_USAGE = YES_ERROR;
				CLANG_WARN_DOCUMENTATION_COMMENTS = YES;
				CLANG_WARN_EMPTY_BODY = YES;
				CLANG_WARN_ENUM_CONVERSION = YES;
				CLANG_WARN_INFINITE_RECURSION = YES;
				CLANG_WARN_INT_CONVERSION = YES;
				CLANG_WARN_NON_LITERAL_NULL_CONVERSION = YES;
				CLANG_WARN_OBJC_IMPLICIT_RETAIN_SELF = YES;
				CLANG_WARN_OBJC_LITERAL_CONVERSION = YES;
				CLANG_WARN_OBJC_ROOT_CLASS = YES_ERROR;
				CLANG_WARN_QUOTED_INCLUDE_IN_FRAMEWORK_HEADER = YES;
				CLANG_WARN_RANGE_LOOP_ANALYSIS = YES;
				CLANG_WARN_STRICT_PROTOTYPES = YES;
				CLANG_WARN_SUSPICIOUS_MOVE = YES;
				CLANG_WARN_UNGUARDED_AVAILABILITY = YES_AGGRESSIVE;
				CLANG_WARN_UNREACHABLE_CODE = YES;
				CLANG_WARN__DUPLICATE_METHOD_MATCH = YES;
				COPY_PHASE_STRIP = NO;
				DEBUG_INFORMATION_FORMAT = "dwarf-with-dsym";
				ENABLE_NS_ASSERTIONS = NO;
				ENABLE_STRICT_OBJC_MSGSEND = YES;
				GCC_C_LANGUAGE_STANDARD = gnu11;
				GCC_NO_COMMON_BLOCKS = YES;
				GCC_WARN_64_TO_32_BIT_CONVERSION = YES;
				GCC_WARN_ABOUT_RETURN_TYPE = YES_ERROR;
				GCC_WARN_UNDECLARED_SELECTOR = YES;
				GCC_WARN_UNINITIALIZED_AUTOS = YES_AGGRESSIVE;
				GCC_WARN_UNUSED_FUNCTION = YES;
				GCC_WARN_UNUSED_VARIABLE = YES;
				IPHONEOS_DEPLOYMENT_TARGET = 15.2;
				MTL_ENABLE_DEBUG_INFO = NO;
				MTL_FAST_MATH = YES;
				SDKROOT = iphoneos;
				SWIFT_COMPILATION_MODE = wholemodule;
				SWIFT_OPTIMIZATION_LEVEL = "-O";
				VALIDATE_PRODUCT = YES;
			};
			name = Release;
		};
		72D953D92909E4B200D005D8 /* Debug */ = {
			isa = XCBuildConfiguration;
			buildSettings = {
				ASSETCATALOG_COMPILER_APPICON_NAME = AppIcon;
				ASSETCATALOG_COMPILER_GLOBAL_ACCENT_COLOR_NAME = AccentColor;
				CODE_SIGN_STYLE = Automatic;
				CURRENT_PROJECT_VERSION = 1;
				DEVELOPMENT_ASSET_PATHS = "\"WeatherMap/Preview Content\"";
				DEVELOPMENT_TEAM = 7MJQ4H625Q;
				ENABLE_PREVIEWS = YES;
				GENERATE_INFOPLIST_FILE = YES;
				INFOPLIST_KEY_UIApplicationSceneManifest_Generation = YES;
				INFOPLIST_KEY_UIApplicationSupportsIndirectInputEvents = YES;
				INFOPLIST_KEY_UILaunchScreen_Generation = YES;
				INFOPLIST_KEY_UISupportedInterfaceOrientations_iPad = "UIInterfaceOrientationPortrait UIInterfaceOrientationPortraitUpsideDown UIInterfaceOrientationLandscapeLeft UIInterfaceOrientationLandscapeRight";
				INFOPLIST_KEY_UISupportedInterfaceOrientations_iPhone = "UIInterfaceOrientationPortrait UIInterfaceOrientationLandscapeLeft UIInterfaceOrientationLandscapeRight";
				LD_RUNPATH_SEARCH_PATHS = (
					"$(inherited)",
					"@executable_path/Frameworks",
				);
				MARKETING_VERSION = 1.0;
				PRODUCT_BUNDLE_IDENTIFIER = cc9.WeatherMap;
				PRODUCT_NAME = "$(TARGET_NAME)";
				SWIFT_EMIT_LOC_STRINGS = YES;
				SWIFT_VERSION = 5.0;
				TARGETED_DEVICE_FAMILY = "1,2";
			};
			name = Debug;
		};
		72D953DA2909E4B200D005D8 /* Release */ = {
			isa = XCBuildConfiguration;
			buildSettings = {
				ASSETCATALOG_COMPILER_APPICON_NAME = AppIcon;
				ASSETCATALOG_COMPILER_GLOBAL_ACCENT_COLOR_NAME = AccentColor;
				CODE_SIGN_STYLE = Automatic;
				CURRENT_PROJECT_VERSION = 1;
				DEVELOPMENT_ASSET_PATHS = "\"WeatherMap/Preview Content\"";
				DEVELOPMENT_TEAM = 7MJQ4H625Q;
				ENABLE_PREVIEWS = YES;
				GENERATE_INFOPLIST_FILE = YES;
				INFOPLIST_KEY_UIApplicationSceneManifest_Generation = YES;
				INFOPLIST_KEY_UIApplicationSupportsIndirectInputEvents = YES;
				INFOPLIST_KEY_UILaunchScreen_Generation = YES;
				INFOPLIST_KEY_UISupportedInterfaceOrientations_iPad = "UIInterfaceOrientationPortrait UIInterfaceOrientationPortraitUpsideDown UIInterfaceOrientationLandscapeLeft UIInterfaceOrientationLandscapeRight";
				INFOPLIST_KEY_UISupportedInterfaceOrientations_iPhone = "UIInterfaceOrientationPortrait UIInterfaceOrientationLandscapeLeft UIInterfaceOrientationLandscapeRight";
				LD_RUNPATH_SEARCH_PATHS = (
					"$(inherited)",
					"@executable_path/Frameworks",
				);
				MARKETING_VERSION = 1.0;
				PRODUCT_BUNDLE_IDENTIFIER = cc9.WeatherMap;
				PRODUCT_NAME = "$(TARGET_NAME)";
				SWIFT_EMIT_LOC_STRINGS = YES;
				SWIFT_VERSION = 5.0;
				TARGETED_DEVICE_FAMILY = "1,2";
			};
			name = Release;
		};
/* End XCBuildConfiguration section */

/* Begin XCConfigurationList section */
		72D953C52909E4AC00D005D8 /* Build configuration list for PBXProject "WeatherMap" */ = {
			isa = XCConfigurationList;
			buildConfigurations = (
				72D953D62909E4B200D005D8 /* Debug */,
				72D953D72909E4B200D005D8 /* Release */,
			);
			defaultConfigurationIsVisible = 0;
			defaultConfigurationName = Release;
		};
		72D953D82909E4B200D005D8 /* Build configuration list for PBXNativeTarget "WeatherMap" */ = {
			isa = XCConfigurationList;
			buildConfigurations = (
				72D953D92909E4B200D005D8 /* Debug */,
				72D953DA2909E4B200D005D8 /* Release */,
			);
			defaultConfigurationIsVisible = 0;
			defaultConfigurationName = Release;
		};
/* End XCConfigurationList section */

/* Begin XCRemoteSwiftPackageReference section */
		7255F67929852F0A00F67F17 /* XCRemoteSwiftPackageReference "lottie-spm" */ = {
			isa = XCRemoteSwiftPackageReference;
			repositoryURL = "https://github.com/airbnb/lottie-spm.git";
			requirement = {
				kind = upToNextMajorVersion;
				minimumVersion = 4.0.0;
			};
		};
/* End XCRemoteSwiftPackageReference section */

/* Begin XCSwiftPackageProductDependency section */
		7255F67A29852F0B00F67F17 /* Lottie */ = {
			isa = XCSwiftPackageProductDependency;
			package = 7255F67929852F0A00F67F17 /* XCRemoteSwiftPackageReference "lottie-spm" */;
			productName = Lottie;
		};
/* End XCSwiftPackageProductDependency section */
	};
	rootObject = 72D953C22909E4AC00D005D8 /* Project object */;
}
